version = 1
revision = 3
requires-python = ">=3.11"

[[package]]
name = "dev-tutorial"
version = "0.1.0"
source = { virtual = "." }

[package.dev-dependencies]
dev = [
    { name = "ruff" },
    { name = "ty" },
]

[package.metadata]

[package.metadata.requires-dev]
dev = [
    { name = "ruff", specifier = ">=0.16.6" },
    { name = "ty", specifier = ">=0.0.78" },
]

[[package]]
name = "ruff"
version = "0.16.6"
source = { registry = "https://pypi.org/simple" }

[[package]]
name = "ty"
version = "0.0.78"
source = { registry = "https://pypi.org/simple" }
